
Microsoft Visual Studio Solution File, Format Version 12.00
# Visual Studio Version 16
VisualStudioVersion = 16.0.30223.230
MinimumVisualStudioVersion = 10.0.40219.1
Project("{9A19103F-16F7-4668-BE54-9A1E7A4F7556}") = "ConsoleApp2", "ConsoleApp2\ConsoleApp2.csproj", "{EAE8A15D-FEE2-44AC-AC4C-04293D1736E6}"
EndProject
Project("{9A19103F-16F7-4668-BE54-9A1E7A4F7556}") = "MyPackage", "MyPackage\MyPackage.csproj", "{BC47B9B7-9F3C-48A0-AC24-885B982B2537}"
EndProject
Project("{2150E333-8FDC-42A3-9474-1A3956D46DE8}") = "Documentation", "Documentation", "{778FA50B-343D-426A-ABD3-36AFE37A454C}"
EndProject
Project("{2150E333-8FDC-42A3-9474-1A3956D46DE8}") = "Images", "Images", "{4038E60A-D63E-429B-9CC6-BF12D8C3F637}"
	ProjectSection(SolutionItems) = preProject
		Images\Annotation 2020-07-09 140213.png = Images\Annotation 2020-07-09 140213.png
		Images\Annotation 2020-07-09 141015.png = Images\Annotation 2020-07-09 141015.png
		Images\Annotation 2020-07-09 141133.png = Images\Annotation 2020-07-09 141133.png
		Images\Annotation 2020-07-09 142220.png = Images\Annotation 2020-07-09 142220.png
		Images\Annotation 2020-07-09 142255.png = Images\Annotation 2020-07-09 142255.png
		Images\Annotation 2020-07-09 155254.png = Images\Annotation 2020-07-09 155254.png
		Images\Annotation 2020-07-09 155933.png = Images\Annotation 2020-07-09 155933.png
>>>>>>> 9e34074a1ba3840557a13df7e6fce97837e6df8e
	EndProjectSection
EndProject
Global
	GlobalSection(SolutionConfigurationPlatforms) = preSolution
		Debug|Any CPU = Debug|Any CPU
		Release|Any CPU = Release|Any CPU
	EndGlobalSection
	GlobalSection(ProjectConfigurationPlatforms) = postSolution
		{EAE8A15D-FEE2-44AC-AC4C-04293D1736E6}.Debug|Any CPU.ActiveCfg = Debug|Any CPU
		{EAE8A15D-FEE2-44AC-AC4C-04293D1736E6}.Debug|Any CPU.Build.0 = Debug|Any CPU
		{EAE8A15D-FEE2-44AC-AC4C-04293D1736E6}.Release|Any CPU.ActiveCfg = Release|Any CPU
		{EAE8A15D-FEE2-44AC-AC4C-04293D1736E6}.Release|Any CPU.Build.0 = Release|Any CPU
		{BC47B9B7-9F3C-48A0-AC24-885B982B2537}.Debug|Any CPU.ActiveCfg = Debug|Any CPU
		{BC47B9B7-9F3C-48A0-AC24-885B982B2537}.Debug|Any CPU.Build.0 = Debug|Any CPU
		{BC47B9B7-9F3C-48A0-AC24-885B982B2537}.Release|Any CPU.ActiveCfg = Release|Any CPU
		{BC47B9B7-9F3C-48A0-AC24-885B982B2537}.Release|Any CPU.Build.0 = Release|Any CPU
	EndGlobalSection
	GlobalSection(SolutionProperties) = preSolution
		HideSolutionNode = FALSE
	EndGlobalSection
	GlobalSection(NestedProjects) = preSolution
		{4038E60A-D63E-429B-9CC6-BF12D8C3F637} = {778FA50B-343D-426A-ABD3-36AFE37A454C}
	EndGlobalSection
	GlobalSection(ExtensibilityGlobals) = postSolution
		SolutionGuid = {8E78E32B-A4FD-4AB4-B51C-D1CB175FAE84}
	EndGlobalSection
EndGlobal
